
Microsoft Visual Studio Solution File, Format Version 12.00
# Visual Studio 15
VisualStudioVersion = 15.0.28307.645
MinimumVisualStudioVersion = 10.0.40219.1
Project("{FAE04EC0-301F-11D3-BF4B-00C04F79EFBC}") = "HolaMundo.Android", "HolaMundo\HolaMundo.Android\HolaMundo.Android.csproj", "{B7B71137-04C3-4C6D-9389-3D640AFB787C}"
EndProject
Project("{FAE04EC0-301F-11D3-BF4B-00C04F79EFBC}") = "HolaMundo.iOS", "HolaMundo\HolaMundo.iOS\HolaMundo.iOS.csproj", "{63747578-728C-400B-A4E0-65F52350D328}"
EndProject
Project("{FAE04EC0-301F-11D3-BF4B-00C04F79EFBC}") = "HolaMundo.UWP", "HolaMundo\HolaMundo.UWP\HolaMundo.UWP.csproj", "{76B4EDA8-1D0A-434D-826B-FC2F98255CCB}"
EndProject
Project("{FAE04EC0-301F-11D3-BF4B-00C04F79EFBC}") = "HolaMundo", "HolaMundo\HolaMundo\HolaMundo.csproj", "{84EE7B7E-D221-4AD4-9222-1CE3F67F67BB}"
EndProject
Global
	GlobalSection(SolutionConfigurationPlatforms) = preSolution
		Ad-Hoc|Any CPU = Ad-Hoc|Any CPU
		Ad-Hoc|ARM = Ad-Hoc|ARM
		Ad-Hoc|iPhone = Ad-Hoc|iPhone
		Ad-Hoc|iPhoneSimulator = Ad-Hoc|iPhoneSimulator
		Ad-Hoc|x64 = Ad-Hoc|x64
		Ad-Hoc|x86 = Ad-Hoc|x86
		AppStore|Any CPU = AppStore|Any CPU
		AppStore|ARM = AppStore|ARM
		AppStore|iPhone = AppStore|iPhone
		AppStore|iPhoneSimulator = AppStore|iPhoneSimulator
		AppStore|x64 = AppStore|x64
		AppStore|x86 = AppStore|x86
		Debug|Any CPU = Debug|Any CPU
		Debug|ARM = Debug|ARM
		Debug|iPhone = Debug|iPhone
		Debug|iPhoneSimulator = Debug|iPhoneSimulator
		Debug|x64 = Debug|x64
		Debug|x86 = Debug|x86
		Release|Any CPU = Release|Any CPU
		Release|ARM = Release|ARM
		Release|iPhone = Release|iPhone
		Release|iPhoneSimulator = Release|iPhoneSimulator
		Release|x64 = Release|x64
		Release|x86 = Release|x86
	EndGlobalSection
	GlobalSection(ProjectConfigurationPlatforms) = postSolution
		{B7B71137-04C3-4C6D-9389-3D640AFB787C}.Ad-Hoc|Any CPU.ActiveCfg = Release|Any CPU
		{B7B71137-04C3-4C6D-9389-3D640AFB787C}.Ad-Hoc|Any CPU.Build.0 = Release|Any CPU
		{B7B71137-04C3-4C6D-9389-3D640AFB787C}.Ad-Hoc|Any CPU.Deploy.0 = Release|Any CPU
		{B7B71137-04C3-4C6D-9389-3D640AFB787C}.Ad-Hoc|ARM.ActiveCfg = Release|Any CPU
		{B7B71137-04C3-4C6D-9389-3D640AFB787C}.Ad-Hoc|ARM.Build.0 = Release|Any CPU
		{B7B71137-04C3-4C6D-9389-3D640AFB787C}.Ad-Hoc|ARM.Deploy.0 = Release|Any CPU
		{B7B71137-04C3-4C6D-9389-3D640AFB787C}.Ad-Hoc|iPhone.ActiveCfg = Release|Any CPU
		{B7B71137-04C3-4C6D-9389-3D640AFB787C}.Ad-Hoc|iPhone.Build.0 = Release|Any CPU
		{B7B71137-04C3-4C6D-9389-3D640AFB787C}.Ad-Hoc|iPhone.Deploy.0 = Release|Any CPU
		{B7B71137-04C3-4C6D-9389-3D640AFB787C}.Ad-Hoc|iPhoneSimulator.ActiveCfg = Release|Any CPU
		{B7B71137-04C3-4C6D-9389-3D640AFB787C}.Ad-Hoc|iPhoneSimulator.Build.0 = Release|Any CPU
		{B7B71137-04C3-4C6D-9389-3D640AFB787C}.Ad-Hoc|iPhoneSimulator.Deploy.0 = Release|Any CPU
		{B7B71137-04C3-4C6D-9389-3D640AFB787C}.Ad-Hoc|x64.ActiveCfg = Release|Any CPU
		{B7B71137-04C3-4C6D-9389-3D640AFB787C}.Ad-Hoc|x64.Build.0 = Release|Any CPU
		{B7B71137-04C3-4C6D-9389-3D640AFB787C}.Ad-Hoc|x64.Deploy.0 = Release|Any CPU
		{B7B71137-04C3-4C6D-9389-3D640AFB787C}.Ad-Hoc|x86.ActiveCfg = Release|Any CPU
		{B7B71137-04C3-4C6D-9389-3D640AFB787C}.Ad-Hoc|x86.Build.0 = Release|Any CPU
		{B7B71137-04C3-4C6D-9389-3D640AFB787C}.Ad-Hoc|x86.Deploy.0 = Release|Any CPU
		{B7B71137-04C3-4C6D-9389-3D640AFB787C}.AppStore|Any CPU.ActiveCfg = Release|Any CPU
		{B7B71137-04C3-4C6D-9389-3D640AFB787C}.AppStore|Any CPU.Build.0 = Release|Any CPU
		{B7B71137-04C3-4C6D-9389-3D640AFB787C}.AppStore|Any CPU.Deploy.0 = Release|Any CPU
		{B7B71137-04C3-4C6D-9389-3D640AFB787C}.AppStore|ARM.ActiveCfg = Release|Any CPU
		{B7B71137-04C3-4C6D-9389-3D640AFB787C}.AppStore|ARM.Build.0 = Release|Any CPU
		{B7B71137-04C3-4C6D-9389-3D640AFB787C}.AppStore|ARM.Deploy.0 = Release|Any CPU
		{B7B71137-04C3-4C6D-9389-3D640AFB787C}.AppStore|iPhone.ActiveCfg = Release|Any CPU
		{B7B71137-04C3-4C6D-9389-3D640AFB787C}.AppStore|iPhone.Build.0 = Release|Any CPU
		{B7B71137-04C3-4C6D-9389-3D640AFB787C}.AppStore|iPhone.Deploy.0 = Release|Any CPU
		{B7B71137-04C3-4C6D-9389-3D640AFB787C}.AppStore|iPhoneSimulator.ActiveCfg = Release|Any CPU
		{B7B71137-04C3-4C6D-9389-3D640AFB787C}.AppStore|iPhoneSimulator.Build.0 = Release|Any CPU
		{B7B71137-04C3-4C6D-9389-3D640AFB787C}.AppStore|iPhoneSimulator.Deploy.0 = Release|Any CPU
		{B7B71137-04C3-4C6D-9389-3D640AFB787C}.AppStore|x64.ActiveCfg = Release|Any CPU
		{B7B71137-04C3-4C6D-9389-3D640AFB787C}.AppStore|x64.Build.0 = Release|Any CPU
		{B7B71137-04C3-4C6D-9389-3D640AFB787C}.AppStore|x64.Deploy.0 = Release|Any CPU
		{B7B71137-04C3-4C6D-9389-3D640AFB787C}.AppStore|x86.ActiveCfg = Release|Any CPU
		{B7B71137-04C3-4C6D-9389-3D640AFB787C}.AppStore|x86.Build.0 = Release|Any CPU
		{B7B71137-04C3-4C6D-9389-3D640AFB787C}.AppStore|x86.Deploy.0 = Release|Any CPU
		{B7B71137-04C3-4C6D-9389-3D640AFB787C}.Debug|Any CPU.ActiveCfg = Debug|Any CPU
		{B7B71137-04C3-4C6D-9389-3D640AFB787C}.Debug|Any CPU.Build.0 = Debug|Any CPU
		{B7B71137-04C3-4C6D-9389-3D640AFB787C}.Debug|Any CPU.Deploy.0 = Debug|Any CPU
		{B7B71137-04C3-4C6D-9389-3D640AFB787C}.Debug|ARM.ActiveCfg = Debug|Any CPU
		{B7B71137-04C3-4C6D-9389-3D640AFB787C}.Debug|ARM.Build.0 = Debug|Any CPU
		{B7B71137-04C3-4C6D-9389-3D640AFB787C}.Debug|ARM.Deploy.0 = Debug|Any CPU
		{B7B71137-04C3-4C6D-9389-3D640AFB787C}.Debug|iPhone.ActiveCfg = Debug|Any CPU
		{B7B71137-04C3-4C6D-9389-3D640AFB787C}.Debug|iPhone.Build.0 = Debug|Any CPU
		{B7B71137-04C3-4C6D-9389-3D640AFB787C}.Debug|iPhone.Deploy.0 = Debug|Any CPU
		{B7B71137-04C3-4C6D-9389-3D640AFB787C}.Debug|iPhoneSimulator.ActiveCfg = Debug|Any CPU
		{B7B71137-04C3-4C6D-9389-3D640AFB787C}.Debug|iPhoneSimulator.Build.0 = Debug|Any CPU
		{B7B71137-04C3-4C6D-9389-3D640AFB787C}.Debug|iPhoneSimulator.Deploy.0 = Debug|Any CPU
		{B7B71137-04C3-4C6D-9389-3D640AFB787C}.Debug|x64.ActiveCfg = Debug|Any CPU
		{B7B71137-04C3-4C6D-9389-3D640AFB787C}.Debug|x64.Build.0 = Debug|Any CPU
		{B7B71137-04C3-4C6D-9389-3D640AFB787C}.Debug|x64.Deploy.0 = Debug|Any CPU
		{B7B71137-04C3-4C6D-9389-3D640AFB787C}.Debug|x86.ActiveCfg = Debug|Any CPU
		{B7B71137-04C3-4C6D-9389-3D640AFB787C}.Debug|x86.Build.0 = Debug|Any CPU
		{B7B71137-04C3-4C6D-9389-3D640AFB787C}.Debug|x86.Deploy.0 = Debug|Any CPU
		{B7B71137-04C3-4C6D-9389-3D640AFB787C}.Release|Any CPU.ActiveCfg = Release|Any CPU
		{B7B71137-04C3-4C6D-9389-3D640AFB787C}.Release|Any CPU.Build.0 = Release|Any CPU
		{B7B71137-04C3-4C6D-9389-3D640AFB787C}.Release|Any CPU.Deploy.0 = Release|Any CPU
		{B7B71137-04C3-4C6D-9389-3D640AFB787C}.Release|ARM.ActiveCfg = Release|Any CPU
		{B7B71137-04C3-4C6D-9389-3D640AFB787C}.Release|ARM.Build.0 = Release|Any CPU
		{B7B71137-04C3-4C6D-9389-3D640AFB787C}.Release|ARM.Deploy.0 = Release|Any CPU
		{B7B71137-04C3-4C6D-9389-3D640AFB787C}.Release|iPhone.ActiveCfg = Release|Any CPU
		{B7B71137-04C3-4C6D-9389-3D640AFB787C}.Release|iPhone.Build.0 = Release|Any CPU
		{B7B71137-04C3-4C6D-9389-3D640AFB787C}.Release|iPhone.Deploy.0 = Release|Any CPU
		{B7B71137-04C3-4C6D-9389-3D640AFB787C}.Release|iPhoneSimulator.ActiveCfg = Release|Any CPU
		{B7B71137-04C3-4C6D-9389-3D640AFB787C}.Release|iPhoneSimulator.Build.0 = Release|Any CPU
		{B7B71137-04C3-4C6D-9389-3D640AFB787C}.Release|iPhoneSimulator.Deploy.0 = Release|Any CPU
		{B7B71137-04C3-4C6D-9389-3D640AFB787C}.Release|x64.ActiveCfg = Release|Any CPU
		{B7B71137-04C3-4C6D-9389-3D640AFB787C}.Release|x64.Build.0 = Release|Any CPU
		{B7B71137-04C3-4C6D-9389-3D640AFB787C}.Release|x64.Deploy.0 = Release|Any CPU
		{B7B71137-04C3-4C6D-9389-3D640AFB787C}.Release|x86.ActiveCfg = Release|Any CPU
		{B7B71137-04C3-4C6D-9389-3D640AFB787C}.Release|x86.Build.0 = Release|Any CPU
		{B7B71137-04C3-4C6D-9389-3D640AFB787C}.Release|x86.Deploy.0 = Release|Any CPU
		{63747578-728C-400B-A4E0-65F52350D328}.Ad-Hoc|Any CPU.ActiveCfg = Ad-Hoc|iPhone
		{63747578-728C-400B-A4E0-65F52350D328}.Ad-Hoc|Any CPU.Build.0 = Ad-Hoc|iPhone
		{63747578-728C-400B-A4E0-65F52350D328}.Ad-Hoc|Any CPU.Deploy.0 = Ad-Hoc|iPhone
		{63747578-728C-400B-A4E0-65F52350D328}.Ad-Hoc|ARM.ActiveCfg = Ad-Hoc|iPhone
		{63747578-728C-400B-A4E0-65F52350D328}.Ad-Hoc|ARM.Build.0 = Ad-Hoc|iPhone
		{63747578-728C-400B-A4E0-65F52350D328}.Ad-Hoc|ARM.Deploy.0 = Ad-Hoc|iPhone
		{63747578-728C-400B-A4E0-65F52350D328}.Ad-Hoc|iPhone.ActiveCfg = Ad-Hoc|iPhone
		{63747578-728C-400B-A4E0-65F52350D328}.Ad-Hoc|iPhone.Build.0 = Ad-Hoc|iPhone
		{63747578-728C-400B-A4E0-65F52350D328}.Ad-Hoc|iPhone.Deploy.0 = Ad-Hoc|iPhone
		{63747578-728C-400B-A4E0-65F52350D328}.Ad-Hoc|iPhoneSimulator.ActiveCfg = Ad-Hoc|iPhoneSimulator
		{63747578-728C-400B-A4E0-65F52350D328}.Ad-Hoc|iPhoneSimulator.Build.0 = Ad-Hoc|iPhoneSimulator
		{63747578-728C-400B-A4E0-65F52350D328}.Ad-Hoc|iPhoneSimulator.Deploy.0 = Ad-Hoc|iPhoneSimulator
		{63747578-728C-400B-A4E0-65F52350D328}.Ad-Hoc|x64.ActiveCfg = Ad-Hoc|iPhone
		{63747578-728C-400B-A4E0-65F52350D328}.Ad-Hoc|x64.Build.0 = Ad-Hoc|iPhone
		{63747578-728C-400B-A4E0-65F52350D328}.Ad-Hoc|x64.Deploy.0 = Ad-Hoc|iPhone
		{63747578-728C-400B-A4E0-65F52350D328}.Ad-Hoc|x86.ActiveCfg = Ad-Hoc|iPhone
		{63747578-728C-400B-A4E0-65F52350D328}.Ad-Hoc|x86.Build.0 = Ad-Hoc|iPhone
		{63747578-728C-400B-A4E0-65F52350D328}.Ad-Hoc|x86.Deploy.0 = Ad-Hoc|iPhone
		{63747578-728C-400B-A4E0-65F52350D328}.AppStore|Any CPU.ActiveCfg = AppStore|iPhone
		{63747578-728C-400B-A4E0-65F52350D328}.AppStore|Any CPU.Build.0 = AppStore|iPhone
		{63747578-728C-400B-A4E0-65F52350D328}.AppStore|Any CPU.Deploy.0 = AppStore|iPhone
		{63747578-728C-400B-A4E0-65F52350D328}.AppStore|ARM.ActiveCfg = AppStore|iPhone
		{63747578-728C-400B-A4E0-65F52350D328}.AppStore|ARM.Build.0 = AppStore|iPhone
		{63747578-728C-400B-A4E0-65F52350D328}.AppStore|ARM.Deploy.0 = AppStore|iPhone
		{63747578-728C-400B-A4E0-65F52350D328}.AppStore|iPhone.ActiveCfg = AppStore|iPhone
		{63747578-728C-400B-A4E0-65F52350D328}.AppStore|iPhone.Build.0 = AppStore|iPhone
		{63747578-728C-400B-A4E0-65F52350D328}.AppStore|iPhone.Deploy.0 = AppStore|iPhone
		{63747578-728C-400B-A4E0-65F52350D328}.AppStore|iPhoneSimulator.ActiveCfg = AppStore|iPhoneSimulator
		{63747578-728C-400B-A4E0-65F52350D328}.AppStore|iPhoneSimulator.Build.0 = AppStore|iPhoneSimulator
		{63747578-728C-400B-A4E0-65F52350D328}.AppStore|iPhoneSimulator.Deploy.0 = AppStore|iPhoneSimulator
		{63747578-728C-400B-A4E0-65F52350D328}.AppStore|x64.ActiveCfg = AppStore|iPhone
		{63747578-728C-400B-A4E0-65F52350D328}.AppStore|x64.Build.0 = AppStore|iPhone
		{63747578-728C-400B-A4E0-65F52350D328}.AppStore|x64.Deploy.0 = AppStore|iPhone
		{63747578-728C-400B-A4E0-65F52350D328}.AppStore|x86.ActiveCfg = AppStore|iPhone
		{63747578-728C-400B-A4E0-65F52350D328}.AppStore|x86.Build.0 = AppStore|iPhone
		{63747578-728C-400B-A4E0-65F52350D328}.AppStore|x86.Deploy.0 = AppStore|iPhone
		{63747578-728C-400B-A4E0-65F52350D328}.Debug|Any CPU.ActiveCfg = Debug|iPhoneSimulator
		{63747578-728C-400B-A4E0-65F52350D328}.Debug|Any CPU.Build.0 = Debug|iPhoneSimulator
		{63747578-728C-400B-A4E0-65F52350D328}.Debug|Any CPU.Deploy.0 = Debug|iPhoneSimulator
		{63747578-728C-400B-A4E0-65F52350D328}.Debug|ARM.ActiveCfg = Debug|iPhone
		{63747578-728C-400B-A4E0-65F52350D328}.Debug|ARM.Build.0 = Debug|iPhone
		{63747578-728C-400B-A4E0-65F52350D328}.Debug|ARM.Deploy.0 = Debug|iPhone
		{63747578-728C-400B-A4E0-65F52350D328}.Debug|iPhone.ActiveCfg = Debug|iPhone
		{63747578-728C-400B-A4E0-65F52350D328}.Debug|iPhone.Build.0 = Debug|iPhone
		{63747578-728C-400B-A4E0-65F52350D328}.Debug|iPhone.Deploy.0 = Debug|iPhone
		{63747578-728C-400B-A4E0-65F52350D328}.Debug|iPhoneSimulator.ActiveCfg = Debug|iPhoneSimulator
		{63747578-728C-400B-A4E0-65F52350D328}.Debug|iPhoneSimulator.Build.0 = Debug|iPhoneSimulator
		{63747578-728C-400B-A4E0-65F52350D328}.Debug|iPhoneSimulator.Deploy.0 = Debug|iPhoneSimulator
		{63747578-728C-400B-A4E0-65F52350D328}.Debug|x64.ActiveCfg = Debug|iPhone
		{63747578-728C-400B-A4E0-65F52350D328}.Debug|x64.Build.0 = Debug|iPhone
		{63747578-728C-400B-A4E0-65F52350D328}.Debug|x64.Deploy.0 = Debug|iPhone
		{63747578-728C-400B-A4E0-65F52350D328}.Debug|x86.ActiveCfg = Debug|iPhone
		{63747578-728C-400B-A4E0-65F52350D328}.Debug|x86.Build.0 = Debug|iPhone
		{63747578-728C-400B-A4E0-65F52350D328}.Debug|x86.Deploy.0 = Debug|iPhone
		{63747578-728C-400B-A4E0-65F52350D328}.Release|Any CPU.ActiveCfg = Release|iPhone
		{63747578-728C-400B-A4E0-65F52350D328}.Release|Any CPU.Build.0 = Release|iPhone
		{63747578-728C-400B-A4E0-65F52350D328}.Release|Any CPU.Deploy.0 = Release|iPhone
		{63747578-728C-400B-A4E0-65F52350D328}.Release|ARM.ActiveCfg = Release|iPhone
		{63747578-728C-400B-A4E0-65F52350D328}.Release|ARM.Build.0 = Release|iPhone
		{63747578-728C-400B-A4E0-65F52350D328}.Release|ARM.Deploy.0 = Release|iPhone
		{63747578-728C-400B-A4E0-65F52350D328}.Release|iPhone.ActiveCfg = Release|iPhone
		{63747578-728C-400B-A4E0-65F52350D328}.Release|iPhone.Build.0 = Release|iPhone
		{63747578-728C-400B-A4E0-65F52350D328}.Release|iPhone.Deploy.0 = Release|iPhone
		{63747578-728C-400B-A4E0-65F52350D328}.Release|iPhoneSimulator.ActiveCfg = Release|iPhoneSimulator
		{63747578-728C-400B-A4E0-65F52350D328}.Release|iPhoneSimulator.Build.0 = Release|iPhoneSimulator
		{63747578-728C-400B-A4E0-65F52350D328}.Release|iPhoneSimulator.Deploy.0 = Release|iPhoneSimulator
		{63747578-728C-400B-A4E0-65F52350D328}.Release|x64.ActiveCfg = Release|iPhone
		{63747578-728C-400B-A4E0-65F52350D328}.Release|x64.Build.0 = Release|iPhone
		{63747578-728C-400B-A4E0-65F52350D328}.Release|x64.Deploy.0 = Release|iPhone
		{63747578-728C-400B-A4E0-65F52350D328}.Release|x86.ActiveCfg = Release|iPhone
		{63747578-728C-400B-A4E0-65F52350D328}.Release|x86.Build.0 = Release|iPhone
		{63747578-728C-400B-A4E0-65F52350D328}.Release|x86.Deploy.0 = Release|iPhone
		{76B4EDA8-1D0A-434D-826B-FC2F98255CCB}.Ad-Hoc|Any CPU.ActiveCfg = Release|x86
		{76B4EDA8-1D0A-434D-826B-FC2F98255CCB}.Ad-Hoc|Any CPU.Build.0 = Release|x86
		{76B4EDA8-1D0A-434D-826B-FC2F98255CCB}.Ad-Hoc|Any CPU.Deploy.0 = Release|x86
		{76B4EDA8-1D0A-434D-826B-FC2F98255CCB}.Ad-Hoc|ARM.ActiveCfg = Release|ARM
		{76B4EDA8-1D0A-434D-826B-FC2F98255CCB}.Ad-Hoc|ARM.Build.0 = Release|ARM
		{76B4EDA8-1D0A-434D-826B-FC2F98255CCB}.Ad-Hoc|ARM.Deploy.0 = Release|ARM
		{76B4EDA8-1D0A-434D-826B-FC2F98255CCB}.Ad-Hoc|iPhone.ActiveCfg = Release|x86
		{76B4EDA8-1D0A-434D-826B-FC2F98255CCB}.Ad-Hoc|iPhone.Build.0 = Release|x86
		{76B4EDA8-1D0A-434D-826B-FC2F98255CCB}.Ad-Hoc|iPhone.Deploy.0 = Release|x86
		{76B4EDA8-1D0A-434D-826B-FC2F98255CCB}.Ad-Hoc|iPhoneSimulator.ActiveCfg = Release|x86
		{76B4EDA8-1D0A-434D-826B-FC2F98255CCB}.Ad-Hoc|iPhoneSimulator.Build.0 = Release|x86
		{76B4EDA8-1D0A-434D-826B-FC2F98255CCB}.Ad-Hoc|iPhoneSimulator.Deploy.0 = Release|x86
		{76B4EDA8-1D0A-434D-826B-FC2F98255CCB}.Ad-Hoc|x64.ActiveCfg = Release|x64
		{76B4EDA8-1D0A-434D-826B-FC2F98255CCB}.Ad-Hoc|x64.Build.0 = Release|x64
		{76B4EDA8-1D0A-434D-826B-FC2F98255CCB}.Ad-Hoc|x64.Deploy.0 = Release|x64
		{76B4EDA8-1D0A-434D-826B-FC2F98255CCB}.Ad-Hoc|x86.ActiveCfg = Release|x86
		{76B4EDA8-1D0A-434D-826B-FC2F98255CCB}.Ad-Hoc|x86.Build.0 = Release|x86
		{76B4EDA8-1D0A-434D-826B-FC2F98255CCB}.Ad-Hoc|x86.Deploy.0 = Release|x86
		{76B4EDA8-1D0A-434D-826B-FC2F98255CCB}.AppStore|Any CPU.ActiveCfg = Release|x86
		{76B4EDA8-1D0A-434D-826B-FC2F98255CCB}.AppStore|Any CPU.Build.0 = Release|x86
		{76B4EDA8-1D0A-434D-826B-FC2F98255CCB}.AppStore|Any CPU.Deploy.0 = Release|x86
		{76B4EDA8-1D0A-434D-826B-FC2F98255CCB}.AppStore|ARM.ActiveCfg = Release|ARM
		{76B4EDA8-1D0A-434D-826B-FC2F98255CCB}.AppStore|ARM.Build.0 = Release|ARM
		{76B4EDA8-1D0A-434D-826B-FC2F98255CCB}.AppStore|ARM.Deploy.0 = Release|ARM
		{76B4EDA8-1D0A-434D-826B-FC2F98255CCB}.AppStore|iPhone.ActiveCfg = Release|x86
		{76B4EDA8-1D0A-434D-826B-FC2F98255CCB}.AppStore|iPhone.Build.0 = Release|x86
		{76B4EDA8-1D0A-434D-826B-FC2F98255CCB}.AppStore|iPhone.Deploy.0 = Release|x86
		{76B4EDA8-1D0A-434D-826B-FC2F98255CCB}.AppStore|iPhoneSimulator.ActiveCfg = Release|x86
		{76B4EDA8-1D0A-434D-826B-FC2F98255CCB}.AppStore|iPhoneSimulator.Build.0 = Release|x86
		{76B4EDA8-1D0A-434D-826B-FC2F98255CCB}.AppStore|iPhoneSimulator.Deploy.0 = Release|x86
		{76B4EDA8-1D0A-434D-826B-FC2F98255CCB}.AppStore|x64.ActiveCfg = Release|x64
		{76B4EDA8-1D0A-434D-826B-FC2F98255CCB}.AppStore|x64.Build.0 = Release|x64
		{76B4EDA8-1D0A-434D-826B-FC2F98255CCB}.AppStore|x64.Deploy.0 = Release|x64
		{76B4EDA8-1D0A-434D-826B-FC2F98255CCB}.AppStore|x86.ActiveCfg = Release|x86
		{76B4EDA8-1D0A-434D-826B-FC2F98255CCB}.AppStore|x86.Build.0 = Release|x86
		{76B4EDA8-1D0A-434D-826B-FC2F98255CCB}.AppStore|x86.Deploy.0 = Release|x86
		{76B4EDA8-1D0A-434D-826B-FC2F98255CCB}.Debug|Any CPU.ActiveCfg = Debug|x86
		{76B4EDA8-1D0A-434D-826B-FC2F98255CCB}.Debug|Any CPU.Build.0 = Debug|x86
		{76B4EDA8-1D0A-434D-826B-FC2F98255CCB}.Debug|Any CPU.Deploy.0 = Debug|x86
		{76B4EDA8-1D0A-434D-826B-FC2F98255CCB}.Debug|ARM.ActiveCfg = Debug|ARM
		{76B4EDA8-1D0A-434D-826B-FC2F98255CCB}.Debug|ARM.Build.0 = Debug|ARM
		{76B4EDA8-1D0A-434D-826B-FC2F98255CCB}.Debug|ARM.Deploy.0 = Debug|ARM
		{76B4EDA8-1D0A-434D-826B-FC2F98255CCB}.Debug|iPhone.ActiveCfg = Debug|x86
		{76B4EDA8-1D0A-434D-826B-FC2F98255CCB}.Debug|iPhone.Build.0 = Debug|x86
		{76B4EDA8-1D0A-434D-826B-FC2F98255CCB}.Debug|iPhone.Deploy.0 = Debug|x86
		{76B4EDA8-1D0A-434D-826B-FC2F98255CCB}.Debug|iPhoneSimulator.ActiveCfg = Debug|x86
		{76B4EDA8-1D0A-434D-826B-FC2F98255CCB}.Debug|iPhoneSimulator.Build.0 = Debug|x86
		{76B4EDA8-1D0A-434D-826B-FC2F98255CCB}.Debug|iPhoneSimulator.Deploy.0 = Debug|x86
		{76B4EDA8-1D0A-434D-826B-FC2F98255CCB}.Debug|x64.ActiveCfg = Debug|x64
		{76B4EDA8-1D0A-434D-826B-FC2F98255CCB}.Debug|x64.Build.0 = Debug|x64
		{76B4EDA8-1D0A-434D-826B-FC2F98255CCB}.Debug|x64.Deploy.0 = Debug|x64
		{76B4EDA8-1D0A-434D-826B-FC2F98255CCB}.Debug|x86.ActiveCfg = Debug|x86
		{76B4EDA8-1D0A-434D-826B-FC2F98255CCB}.Debug|x86.Build.0 = Debug|x86
		{76B4EDA8-1D0A-434D-826B-FC2F98255CCB}.Debug|x86.Deploy.0 = Debug|x86
		{76B4EDA8-1D0A-434D-826B-FC2F98255CCB}.Release|Any CPU.ActiveCfg = Release|x86
		{76B4EDA8-1D0A-434D-826B-FC2F98255CCB}.Release|Any CPU.Build.0 = Release|x86
		{76B4EDA8-1D0A-434D-826B-FC2F98255CCB}.Release|Any CPU.Deploy.0 = Release|x86
		{76B4EDA8-1D0A-434D-826B-FC2F98255CCB}.Release|ARM.ActiveCfg = Release|ARM
		{76B4EDA8-1D0A-434D-826B-FC2F98255CCB}.Release|ARM.Build.0 = Release|ARM
		{76B4EDA8-1D0A-434D-826B-FC2F98255CCB}.Release|ARM.Deploy.0 = Release|ARM
		{76B4EDA8-1D0A-434D-826B-FC2F98255CCB}.Release|iPhone.ActiveCfg = Release|x86
		{76B4EDA8-1D0A-434D-826B-FC2F98255CCB}.Release|iPhone.Build.0 = Release|x86
		{76B4EDA8-1D0A-434D-826B-FC2F98255CCB}.Release|iPhone.Deploy.0 = Release|x86
		{76B4EDA8-1D0A-434D-826B-FC2F98255CCB}.Release|iPhoneSimulator.ActiveCfg = Release|x86
		{76B4EDA8-1D0A-434D-826B-FC2F98255CCB}.Release|iPhoneSimulator.Build.0 = Release|x86
		{76B4EDA8-1D0A-434D-826B-FC2F98255CCB}.Release|iPhoneSimulator.Deploy.0 = Release|x86
		{76B4EDA8-1D0A-434D-826B-FC2F98255CCB}.Release|x64.ActiveCfg = Release|x64
		{76B4EDA8-1D0A-434D-826B-FC2F98255CCB}.Release|x64.Build.0 = Release|x64
		{76B4EDA8-1D0A-434D-826B-FC2F98255CCB}.Release|x64.Deploy.0 = Release|x64
		{76B4EDA8-1D0A-434D-826B-FC2F98255CCB}.Release|x86.ActiveCfg = Release|x86
		{76B4EDA8-1D0A-434D-826B-FC2F98255CCB}.Release|x86.Build.0 = Release|x86
		{76B4EDA8-1D0A-434D-826B-FC2F98255CCB}.Release|x86.Deploy.0 = Release|x86
		{84EE7B7E-D221-4AD4-9222-1CE3F67F67BB}.Ad-Hoc|Any CPU.ActiveCfg = Debug|Any CPU
		{84EE7B7E-D221-4AD4-9222-1CE3F67F67BB}.Ad-Hoc|Any CPU.Build.0 = Debug|Any CPU
		{84EE7B7E-D221-4AD4-9222-1CE3F67F67BB}.Ad-Hoc|Any CPU.Deploy.0 = Debug|Any CPU
		{84EE7B7E-D221-4AD4-9222-1CE3F67F67BB}.Ad-Hoc|ARM.ActiveCfg = Debug|Any CPU
		{84EE7B7E-D221-4AD4-9222-1CE3F67F67BB}.Ad-Hoc|ARM.Build.0 = Debug|Any CPU
		{84EE7B7E-D221-4AD4-9222-1CE3F67F67BB}.Ad-Hoc|ARM.Deploy.0 = Debug|Any CPU
		{84EE7B7E-D221-4AD4-9222-1CE3F67F67BB}.Ad-Hoc|iPhone.ActiveCfg = Debug|Any CPU
		{84EE7B7E-D221-4AD4-9222-1CE3F67F67BB}.Ad-Hoc|iPhone.Build.0 = Debug|Any CPU
		{84EE7B7E-D221-4AD4-9222-1CE3F67F67BB}.Ad-Hoc|iPhone.Deploy.0 = Debug|Any CPU
		{84EE7B7E-D221-4AD4-9222-1CE3F67F67BB}.Ad-Hoc|iPhoneSimulator.ActiveCfg = Debug|Any CPU
		{84EE7B7E-D221-4AD4-9222-1CE3F67F67BB}.Ad-Hoc|iPhoneSimulator.Build.0 = Debug|Any CPU
		{84EE7B7E-D221-4AD4-9222-1CE3F67F67BB}.Ad-Hoc|iPhoneSimulator.Deploy.0 = Debug|Any CPU
		{84EE7B7E-D221-4AD4-9222-1CE3F67F67BB}.Ad-Hoc|x64.ActiveCfg = Debug|Any CPU
		{84EE7B7E-D221-4AD4-9222-1CE3F67F67BB}.Ad-Hoc|x64.Build.0 = Debug|Any CPU
		{84EE7B7E-D221-4AD4-9222-1CE3F67F67BB}.Ad-Hoc|x64.Deploy.0 = Debug|Any CPU
		{84EE7B7E-D221-4AD4-9222-1CE3F67F67BB}.Ad-Hoc|x86.ActiveCfg = Debug|Any CPU
		{84EE7B7E-D221-4AD4-9222-1CE3F67F67BB}.Ad-Hoc|x86.Build.0 = Debug|Any CPU
		{84EE7B7E-D221-4AD4-9222-1CE3F67F67BB}.Ad-Hoc|x86.Deploy.0 = Debug|Any CPU
		{84EE7B7E-D221-4AD4-9222-1CE3F67F67BB}.AppStore|Any CPU.ActiveCfg = Debug|Any CPU
		{84EE7B7E-D221-4AD4-9222-1CE3F67F67BB}.AppStore|Any CPU.Build.0 = Debug|Any CPU
		{84EE7B7E-D221-4AD4-9222-1CE3F67F67BB}.AppStore|Any CPU.Deploy.0 = Debug|Any CPU
		{84EE7B7E-D221-4AD4-9222-1CE3F67F67BB}.AppStore|ARM.ActiveCfg = Debug|Any CPU
		{84EE7B7E-D221-4AD4-9222-1CE3F67F67BB}.AppStore|ARM.Build.0 = Debug|Any CPU
		{84EE7B7E-D221-4AD4-9222-1CE3F67F67BB}.AppStore|ARM.Deploy.0 = Debug|Any CPU
		{84EE7B7E-D221-4AD4-9222-1CE3F67F67BB}.AppStore|iPhone.ActiveCfg = Debug|Any CPU
		{84EE7B7E-D221-4AD4-9222-1CE3F67F67BB}.AppStore|iPhone.Build.0 = Debug|Any CPU
		{84EE7B7E-D221-4AD4-9222-1CE3F67F67BB}.AppStore|iPhone.Deploy.0 = Debug|Any CPU
		{84EE7B7E-D221-4AD4-9222-1CE3F67F67BB}.AppStore|iPhoneSimulator.ActiveCfg = Debug|Any CPU
		{84EE7B7E-D221-4AD4-9222-1CE3F67F67BB}.AppStore|iPhoneSimulator.Build.0 = Debug|Any CPU
		{84EE7B7E-D221-4AD4-9222-1CE3F67F67BB}.AppStore|iPhoneSimulator.Deploy.0 = Debug|Any CPU
		{84EE7B7E-D221-4AD4-9222-1CE3F67F67BB}.AppStore|x64.ActiveCfg = Debug|Any CPU
		{84EE7B7E-D221-4AD4-9222-1CE3F67F67BB}.AppStore|x64.Build.0 = Debug|Any CPU
		{84EE7B7E-D221-4AD4-9222-1CE3F67F67BB}.AppStore|x64.Deploy.0 = Debug|Any CPU
		{84EE7B7E-D221-4AD4-9222-1CE3F67F67BB}.AppStore|x86.ActiveCfg = Debug|Any CPU
		{84EE7B7E-D221-4AD4-9222-1CE3F67F67BB}.AppStore|x86.Build.0 = Debug|Any CPU
		{84EE7B7E-D221-4AD4-9222-1CE3F67F67BB}.AppStore|x86.Deploy.0 = Debug|Any CPU
		{84EE7B7E-D221-4AD4-9222-1CE3F67F67BB}.Debug|Any CPU.ActiveCfg = Debug|Any CPU
		{84EE7B7E-D221-4AD4-9222-1CE3F67F67BB}.Debug|Any CPU.Build.0 = Debug|Any CPU
		{84EE7B7E-D221-4AD4-9222-1CE3F67F67BB}.Debug|Any CPU.Deploy.0 = Debug|Any CPU
		{84EE7B7E-D221-4AD4-9222-1CE3F67F67BB}.Debug|ARM.ActiveCfg = Debug|Any CPU
		{84EE7B7E-D221-4AD4-9222-1CE3F67F67BB}.Debug|ARM.Build.0 = Debug|Any CPU
		{84EE7B7E-D221-4AD4-9222-1CE3F67F67BB}.Debug|ARM.Deploy.0 = Debug|Any CPU
		{84EE7B7E-D221-4AD4-9222-1CE3F67F67BB}.Debug|iPhone.ActiveCfg = Debug|Any CPU
		{84EE7B7E-D221-4AD4-9222-1CE3F67F67BB}.Debug|iPhone.Build.0 = Debug|Any CPU
		{84EE7B7E-D221-4AD4-9222-1CE3F67F67BB}.Debug|iPhone.Deploy.0 = Debug|Any CPU
		{84EE7B7E-D221-4AD4-9222-1CE3F67F67BB}.Debug|iPhoneSimulator.ActiveCfg = Debug|Any CPU
		{84EE7B7E-D221-4AD4-9222-1CE3F67F67BB}.Debug|iPhoneSimulator.Build.0 = Debug|Any CPU
		{84EE7B7E-D221-4AD4-9222-1CE3F67F67BB}.Debug|iPhoneSimulator.Deploy.0 = Debug|Any CPU
		{84EE7B7E-D221-4AD4-9222-1CE3F67F67BB}.Debug|x64.ActiveCfg = Debug|Any CPU
		{84EE7B7E-D221-4AD4-9222-1CE3F67F67BB}.Debug|x64.Build.0 = Debug|Any CPU
		{84EE7B7E-D221-4AD4-9222-1CE3F67F67BB}.Debug|x64.Deploy.0 = Debug|Any CPU
		{84EE7B7E-D221-4AD4-9222-1CE3F67F67BB}.Debug|x86.ActiveCfg = Debug|Any CPU
		{84EE7B7E-D221-4AD4-9222-1CE3F67F67BB}.Debug|x86.Build.0 = Debug|Any CPU
		{84EE7B7E-D221-4AD4-9222-1CE3F67F67BB}.Debug|x86.Deploy.0 = Debug|Any CPU
		{84EE7B7E-D221-4AD4-9222-1CE3F67F67BB}.Release|Any CPU.ActiveCfg = Release|Any CPU
		{84EE7B7E-D221-4AD4-9222-1CE3F67F67BB}.Release|Any CPU.Build.0 = Release|Any CPU
		{84EE7B7E-D221-4AD4-9222-1CE3F67F67BB}.Release|Any CPU.Deploy.0 = Release|Any CPU
		{84EE7B7E-D221-4AD4-9222-1CE3F67F67BB}.Release|ARM.ActiveCfg = Release|Any CPU
		{84EE7B7E-D221-4AD4-9222-1CE3F67F67BB}.Release|ARM.Build.0 = Release|Any CPU
		{84EE7B7E-D221-4AD4-9222-1CE3F67F67BB}.Release|ARM.Deploy.0 = Release|Any CPU
		{84EE7B7E-D221-4AD4-9222-1CE3F67F67BB}.Release|iPhone.ActiveCfg = Release|Any CPU
		{84EE7B7E-D221-4AD4-9222-1CE3F67F67BB}.Release|iPhone.Build.0 = Release|Any CPU
		{84EE7B7E-D221-4AD4-9222-1CE3F67F67BB}.Release|iPhone.Deploy.0 = Release|Any CPU
		{84EE7B7E-D221-4AD4-9222-1CE3F67F67BB}.Release|iPhoneSimulator.ActiveCfg = Release|Any CPU
		{84EE7B7E-D221-4AD4-9222-1CE3F67F67BB}.Release|iPhoneSimulator.Build.0 = Release|Any CPU
		{84EE7B7E-D221-4AD4-9222-1CE3F67F67BB}.Release|iPhoneSimulator.Deploy.0 = Release|Any CPU
		{84EE7B7E-D221-4AD4-9222-1CE3F67F67BB}.Release|x64.ActiveCfg = Release|Any CPU
		{84EE7B7E-D221-4AD4-9222-1CE3F67F67BB}.Release|x64.Build.0 = Release|Any CPU
		{84EE7B7E-D221-4AD4-9222-1CE3F67F67BB}.Release|x64.Deploy.0 = Release|Any CPU
		{84EE7B7E-D221-4AD4-9222-1CE3F67F67BB}.Release|x86.ActiveCfg = Release|Any CPU
		{84EE7B7E-D221-4AD4-9222-1CE3F67F67BB}.Release|x86.Build.0 = Release|Any CPU
		{84EE7B7E-D221-4AD4-9222-1CE3F67F67BB}.Release|x86.Deploy.0 = Release|Any CPU
	EndGlobalSection
	GlobalSection(SolutionProperties) = preSolution
		HideSolutionNode = FALSE
	EndGlobalSection
	GlobalSection(ExtensibilityGlobals) = postSolution
		SolutionGuid = {5870F1AA-4F73-47BC-B1B4-7EDA6A403724}
	EndGlobalSection
EndGlobal
